
Microsoft Visual Studio Solution File, Format Version 12.00
# Visual Studio Version 16
VisualStudioVersion = 16.0.28922.388
MinimumVisualStudioVersion = 15.0.26124.0
Project("{9A19103F-16F7-4668-BE54-9A1E7A4F7556}") = "Function", "src\Template\Function\Function.csproj", "{5BA4E15C-F29C-42DF-9F60-644103A1C48D}"
EndProject
Project("{9A19103F-16F7-4668-BE54-9A1E7A4F7556}") = "Function.Tests", "src\Template\Function.Tests\Function.Tests.csproj", "{A61B5FAD-9206-4C79-BE49-D9F9C6316F3E}"
EndProject
Project("{9A19103F-16F7-4668-BE54-9A1E7A4F7556}") = "Sannel.House.OpenFaasRunner", "src\Sannel.House.OpenFaasRunner\Sannel.House.OpenFaasRunner.csproj", "{ACF2D186-3E75-461B-B369-79332FE7FEE7}"
EndProject
Project("{2150E333-8FDC-42A3-9474-1A3956D46DE8}") = "Solution Items", "Solution Items", "{0B4AD3DF-9BDB-4604-9A55-B9C7A09F95E9}"
	ProjectSection(SolutionItems) = preProject
		azure-pipelines.yml = azure-pipelines.yml
	EndProjectSection
EndProject
Global
	GlobalSection(SolutionConfigurationPlatforms) = preSolution
		Debug|Any CPU = Debug|Any CPU
		Debug|x64 = Debug|x64
		Debug|x86 = Debug|x86
		Release|Any CPU = Release|Any CPU
		Release|x64 = Release|x64
		Release|x86 = Release|x86
	EndGlobalSection
	GlobalSection(ProjectConfigurationPlatforms) = postSolution
		{5BA4E15C-F29C-42DF-9F60-644103A1C48D}.Debug|Any CPU.ActiveCfg = Debug|Any CPU
		{5BA4E15C-F29C-42DF-9F60-644103A1C48D}.Debug|Any CPU.Build.0 = Debug|Any CPU
		{5BA4E15C-F29C-42DF-9F60-644103A1C48D}.Debug|x64.ActiveCfg = Debug|Any CPU
		{5BA4E15C-F29C-42DF-9F60-644103A1C48D}.Debug|x64.Build.0 = Debug|Any CPU
		{5BA4E15C-F29C-42DF-9F60-644103A1C48D}.Debug|x86.ActiveCfg = Debug|Any CPU
		{5BA4E15C-F29C-42DF-9F60-644103A1C48D}.Debug|x86.Build.0 = Debug|Any CPU
		{5BA4E15C-F29C-42DF-9F60-644103A1C48D}.Release|Any CPU.ActiveCfg = Release|Any CPU
		{5BA4E15C-F29C-42DF-9F60-644103A1C48D}.Release|Any CPU.Build.0 = Release|Any CPU
		{5BA4E15C-F29C-42DF-9F60-644103A1C48D}.Release|x64.ActiveCfg = Release|Any CPU
		{5BA4E15C-F29C-42DF-9F60-644103A1C48D}.Release|x64.Build.0 = Release|Any CPU
		{5BA4E15C-F29C-42DF-9F60-644103A1C48D}.Release|x86.ActiveCfg = Release|Any CPU
		{5BA4E15C-F29C-42DF-9F60-644103A1C48D}.Release|x86.Build.0 = Release|Any CPU
		{A61B5FAD-9206-4C79-BE49-D9F9C6316F3E}.Debug|Any CPU.ActiveCfg = Debug|Any CPU
		{A61B5FAD-9206-4C79-BE49-D9F9C6316F3E}.Debug|Any CPU.Build.0 = Debug|Any CPU
		{A61B5FAD-9206-4C79-BE49-D9F9C6316F3E}.Debug|x64.ActiveCfg = Debug|Any CPU
		{A61B5FAD-9206-4C79-BE49-D9F9C6316F3E}.Debug|x64.Build.0 = Debug|Any CPU
		{A61B5FAD-9206-4C79-BE49-D9F9C6316F3E}.Debug|x86.ActiveCfg = Debug|Any CPU
		{A61B5FAD-9206-4C79-BE49-D9F9C6316F3E}.Debug|x86.Build.0 = Debug|Any CPU
		{A61B5FAD-9206-4C79-BE49-D9F9C6316F3E}.Release|Any CPU.ActiveCfg = Release|Any CPU
		{A61B5FAD-9206-4C79-BE49-D9F9C6316F3E}.Release|Any CPU.Build.0 = Release|Any CPU
		{A61B5FAD-9206-4C79-BE49-D9F9C6316F3E}.Release|x64.ActiveCfg = Release|Any CPU
		{A61B5FAD-9206-4C79-BE49-D9F9C6316F3E}.Release|x64.Build.0 = Release|Any CPU
		{A61B5FAD-9206-4C79-BE49-D9F9C6316F3E}.Release|x86.ActiveCfg = Release|Any CPU
		{A61B5FAD-9206-4C79-BE49-D9F9C6316F3E}.Release|x86.Build.0 = Release|Any CPU
		{ACF2D186-3E75-461B-B369-79332FE7FEE7}.Debug|Any CPU.ActiveCfg = Debug|Any CPU
		{ACF2D186-3E75-461B-B369-79332FE7FEE7}.Debug|Any CPU.Build.0 = Debug|Any CPU
		{ACF2D186-3E75-461B-B369-79332FE7FEE7}.Debug|x64.ActiveCfg = Debug|Any CPU
		{ACF2D186-3E75-461B-B369-79332FE7FEE7}.Debug|x64.Build.0 = Debug|Any CPU
		{ACF2D186-3E75-461B-B369-79332FE7FEE7}.Debug|x86.ActiveCfg = Debug|Any CPU
		{ACF2D186-3E75-461B-B369-79332FE7FEE7}.Debug|x86.Build.0 = Debug|Any CPU
		{ACF2D186-3E75-461B-B369-79332FE7FEE7}.Release|Any CPU.ActiveCfg = Release|Any CPU
		{ACF2D186-3E75-461B-B369-79332FE7FEE7}.Release|Any CPU.Build.0 = Release|Any CPU
		{ACF2D186-3E75-461B-B369-79332FE7FEE7}.Release|x64.ActiveCfg = Release|Any CPU
		{ACF2D186-3E75-461B-B369-79332FE7FEE7}.Release|x64.Build.0 = Release|Any CPU
		{ACF2D186-3E75-461B-B369-79332FE7FEE7}.Release|x86.ActiveCfg = Release|Any CPU
		{ACF2D186-3E75-461B-B369-79332FE7FEE7}.Release|x86.Build.0 = Release|Any CPU
	EndGlobalSection
	GlobalSection(SolutionProperties) = preSolution
		HideSolutionNode = FALSE
	EndGlobalSection
	GlobalSection(ExtensibilityGlobals) = postSolution
		SolutionGuid = {0A1522D3-4599-4ADC-AD6D-61FE74F64596}
	EndGlobalSection
EndGlobal
