
Microsoft Visual Studio Solution File, Format Version 12.00
# Visual Studio Version 16
VisualStudioVersion = 16.0.28922.388
MinimumVisualStudioVersion = 15.0.26124.0
Project("{FAE04EC0-301F-11D3-BF4B-00C04F79EFBC}") = "Sannel.House.OpenFaasRunner", "src\Sannel.House.OpenFaasRunner\Sannel.House.OpenFaasRunner.csproj", "{10D46A09-3BE4-4F1E-B4DE-16D01A5A7CE3}"
EndProject
Project("{FAE04EC0-301F-11D3-BF4B-00C04F79EFBC}") = "Function", "src\Function\Function.csproj", "{AA6138AE-FB04-4DA0-97E4-828A948214F0}"
EndProject
Project("{FAE04EC0-301F-11D3-BF4B-00C04F79EFBC}") = "Function.Tests", "src\Function.Tests\Function.Tests.csproj", "{19E823B0-2438-4109-B5AB-1FB17138DC5E}"
EndProject
Global
	GlobalSection(SolutionConfigurationPlatforms) = preSolution
		Debug|Any CPU = Debug|Any CPU
		Debug|x64 = Debug|x64
		Debug|x86 = Debug|x86
		Release|Any CPU = Release|Any CPU
		Release|x64 = Release|x64
		Release|x86 = Release|x86
	EndGlobalSection
	GlobalSection(ProjectConfigurationPlatforms) = postSolution
		{10D46A09-3BE4-4F1E-B4DE-16D01A5A7CE3}.Debug|Any CPU.ActiveCfg = Debug|Any CPU
		{10D46A09-3BE4-4F1E-B4DE-16D01A5A7CE3}.Debug|Any CPU.Build.0 = Debug|Any CPU
		{10D46A09-3BE4-4F1E-B4DE-16D01A5A7CE3}.Debug|x64.ActiveCfg = Debug|Any CPU
		{10D46A09-3BE4-4F1E-B4DE-16D01A5A7CE3}.Debug|x64.Build.0 = Debug|Any CPU
		{10D46A09-3BE4-4F1E-B4DE-16D01A5A7CE3}.Debug|x86.ActiveCfg = Debug|Any CPU
		{10D46A09-3BE4-4F1E-B4DE-16D01A5A7CE3}.Debug|x86.Build.0 = Debug|Any CPU
		{10D46A09-3BE4-4F1E-B4DE-16D01A5A7CE3}.Release|Any CPU.ActiveCfg = Release|Any CPU
		{10D46A09-3BE4-4F1E-B4DE-16D01A5A7CE3}.Release|Any CPU.Build.0 = Release|Any CPU
		{10D46A09-3BE4-4F1E-B4DE-16D01A5A7CE3}.Release|x64.ActiveCfg = Release|Any CPU
		{10D46A09-3BE4-4F1E-B4DE-16D01A5A7CE3}.Release|x64.Build.0 = Release|Any CPU
		{10D46A09-3BE4-4F1E-B4DE-16D01A5A7CE3}.Release|x86.ActiveCfg = Release|Any CPU
		{10D46A09-3BE4-4F1E-B4DE-16D01A5A7CE3}.Release|x86.Build.0 = Release|Any CPU
		{AA6138AE-FB04-4DA0-97E4-828A948214F0}.Debug|Any CPU.ActiveCfg = Debug|Any CPU
		{AA6138AE-FB04-4DA0-97E4-828A948214F0}.Debug|Any CPU.Build.0 = Debug|Any CPU
		{AA6138AE-FB04-4DA0-97E4-828A948214F0}.Debug|x64.ActiveCfg = Debug|Any CPU
		{AA6138AE-FB04-4DA0-97E4-828A948214F0}.Debug|x64.Build.0 = Debug|Any CPU
		{AA6138AE-FB04-4DA0-97E4-828A948214F0}.Debug|x86.ActiveCfg = Debug|Any CPU
		{AA6138AE-FB04-4DA0-97E4-828A948214F0}.Debug|x86.Build.0 = Debug|Any CPU
		{AA6138AE-FB04-4DA0-97E4-828A948214F0}.Release|Any CPU.ActiveCfg = Release|Any CPU
		{AA6138AE-FB04-4DA0-97E4-828A948214F0}.Release|Any CPU.Build.0 = Release|Any CPU
		{AA6138AE-FB04-4DA0-97E4-828A948214F0}.Release|x64.ActiveCfg = Release|Any CPU
		{AA6138AE-FB04-4DA0-97E4-828A948214F0}.Release|x64.Build.0 = Release|Any CPU
		{AA6138AE-FB04-4DA0-97E4-828A948214F0}.Release|x86.ActiveCfg = Release|Any CPU
		{AA6138AE-FB04-4DA0-97E4-828A948214F0}.Release|x86.Build.0 = Release|Any CPU
		{19E823B0-2438-4109-B5AB-1FB17138DC5E}.Debug|Any CPU.ActiveCfg = Debug|Any CPU
		{19E823B0-2438-4109-B5AB-1FB17138DC5E}.Debug|Any CPU.Build.0 = Debug|Any CPU
		{19E823B0-2438-4109-B5AB-1FB17138DC5E}.Debug|x64.ActiveCfg = Debug|Any CPU
		{19E823B0-2438-4109-B5AB-1FB17138DC5E}.Debug|x64.Build.0 = Debug|Any CPU
		{19E823B0-2438-4109-B5AB-1FB17138DC5E}.Debug|x86.ActiveCfg = Debug|Any CPU
		{19E823B0-2438-4109-B5AB-1FB17138DC5E}.Debug|x86.Build.0 = Debug|Any CPU
		{19E823B0-2438-4109-B5AB-1FB17138DC5E}.Release|Any CPU.ActiveCfg = Release|Any CPU
		{19E823B0-2438-4109-B5AB-1FB17138DC5E}.Release|Any CPU.Build.0 = Release|Any CPU
		{19E823B0-2438-4109-B5AB-1FB17138DC5E}.Release|x64.ActiveCfg = Release|Any CPU
		{19E823B0-2438-4109-B5AB-1FB17138DC5E}.Release|x64.Build.0 = Release|Any CPU
		{19E823B0-2438-4109-B5AB-1FB17138DC5E}.Release|x86.ActiveCfg = Release|Any CPU
		{19E823B0-2438-4109-B5AB-1FB17138DC5E}.Release|x86.Build.0 = Release|Any CPU
	EndGlobalSection
	GlobalSection(SolutionProperties) = preSolution
		HideSolutionNode = FALSE
	EndGlobalSection
	GlobalSection(ExtensibilityGlobals) = postSolution
		SolutionGuid = {0A1522D3-4599-4ADC-AD6D-61FE74F64596}
	EndGlobalSection
EndGlobal
